{
    "name": "middleware",
    "version": "0.0.0",
    "lockfileVersion": 1,
    "requires": true,
    "dependencies": {
        "connect": {
            "version": "2.0.1",
            "resolved": "https://registry.npmjs.org/connect/-/connect-2.0.1.tgz",
            "integrity": "sha1-506blVwPCpe36Jm6aeKBx30Tsh4=",
            "requires": {
                "debug": "3.1.0",
                "formidable": "1.0.17",
                "mime": "1.2.4",
                "qs": "0.4.2"
            }
        },
        "debug": {
            "version": "3.1.0",
            "resolved": "https://registry.npmjs.org/debug/-/debug-3.1.0.tgz",
            "integrity": "sha512-OX8XqP7/1a9cqkxYw2yXss15f26NKWBpDXQd0/uK/KPqdQhxbPa994hnzjcE2VqQpDslf55723cKPUOGSmMY3g==",
            "requires": {
                "ms": "2.0.0"
            }
        },
        "formidable": {
            "version": "1.0.17",
            "resolved": "https://registry.npmjs.org/formidable/-/formidable-1.0.17.tgz",
            "integrity": "sha1-71SRSQ+UM7cF+qdyScmQKa40hVk="
        },
        "mime": {
            "version": "1.2.4",
            "resolved": "https://registry.npmjs.org/mime/-/mime-1.2.4.tgz",
            "integrity": "sha1-EbX9rynCUJJVF2uArVIClPXekrc="
        },
        "ms": {
            "version": "2.0.0",
            "resolved": "https://registry.npmjs.org/ms/-/ms-2.0.0.tgz",
            "integrity": "sha1-VgiurfwAvmwpAd9fmGF4jeDVl8g="
        },
        "qs": {
            "version": "0.4.2",
            "resolved": "https://registry.npmjs.org/qs/-/qs-0.4.2.tgz",
            "integrity": "sha1-PKxMhh43GoycR3CsI82o3mObjl8="
        }
    }
}
